// !$*UTF8*$!
{
	archiveVersion = 1;
	classes = {
	};
	objectVersion = 46;
	objects = {

/* Begin PBXBuildFile section */
		E5249BA218C526C9008CEDFD /* BBFactory.m in Sources */ = {isa = PBXBuildFile; fileRef = E5249BA118C526C9008CEDFD /* BBFactory.m */; };
		E57504B318C3935600D36B2D /* Foundation.framework in Frameworks */ = {isa = PBXBuildFile; fileRef = E57504B218C3935600D36B2D /* Foundation.framework */; };
		E57504B518C3935600D36B2D /* CoreGraphics.framework in Frameworks */ = {isa = PBXBuildFile; fileRef = E57504B418C3935600D36B2D /* CoreGraphics.framework */; };
		E57504B718C3935600D36B2D /* UIKit.framework in Frameworks */ = {isa = PBXBuildFile; fileRef = E57504B618C3935600D36B2D /* UIKit.framework */; };
		E57504BD18C3935600D36B2D /* InfoPlist.strings in Resources */ = {isa = PBXBuildFile; fileRef = E57504BB18C3935600D36B2D /* InfoPlist.strings */; };
		E57504BF18C3935600D36B2D /* main.m in Sources */ = {isa = PBXBuildFile; fileRef = E57504BE18C3935600D36B2D /* main.m */; };
		E57504C318C3935600D36B2D /* BBAppDelegate.m in Sources */ = {isa = PBXBuildFile; fileRef = E57504C218C3935600D36B2D /* BBAppDelegate.m */; };
		E57504C618C3935600D36B2D /* Main.storyboard in Resources */ = {isa = PBXBuildFile; fileRef = E57504C418C3935600D36B2D /* Main.storyboard */; };
		E57504C918C3935600D36B2D /* BBViewController.m in Sources */ = {isa = PBXBuildFile; fileRef = E57504C818C3935600D36B2D /* BBViewController.m */; };
		E57504CB18C3935600D36B2D /* Images.xcassets in Resources */ = {isa = PBXBuildFile; fileRef = E57504CA18C3935600D36B2D /* Images.xcassets */; };
		E57504D218C3935600D36B2D /* XCTest.framework in Frameworks */ = {isa = PBXBuildFile; fileRef = E57504D118C3935600D36B2D /* XCTest.framework */; };
		E57504D318C3935600D36B2D /* Foundation.framework in Frameworks */ = {isa = PBXBuildFile; fileRef = E57504B218C3935600D36B2D /* Foundation.framework */; };
		E57504D418C3935600D36B2D /* UIKit.framework in Frameworks */ = {isa = PBXBuildFile; fileRef = E57504B618C3935600D36B2D /* UIKit.framework */; };
		E57504DC18C3935600D36B2D /* InfoPlist.strings in Resources */ = {isa = PBXBuildFile; fileRef = E57504DA18C3935600D36B2D /* InfoPlist.strings */; };
		E57504DE18C3935600D36B2D /* Pirate_AssignmentTests.m in Sources */ = {isa = PBXBuildFile; fileRef = E57504DD18C3935600D36B2D /* Pirate_AssignmentTests.m */; };
		E57504F318C3D24000D36B2D /* PirateAttack.jpg in Resources */ = {isa = PBXBuildFile; fileRef = E57504E718C3D24000D36B2D /* PirateAttack.jpg */; };
		E57504F418C3D24000D36B2D /* PirateBlacksmith.jpeg in Resources */ = {isa = PBXBuildFile; fileRef = E57504E818C3D24000D36B2D /* PirateBlacksmith.jpeg */; };
		E57504F518C3D24000D36B2D /* PirateBoss.jpeg in Resources */ = {isa = PBXBuildFile; fileRef = E57504E918C3D24000D36B2D /* PirateBoss.jpeg */; };
		E57504F618C3D24000D36B2D /* PirateFriendlyDock.jpg in Resources */ = {isa = PBXBuildFile; fileRef = E57504EA18C3D24000D36B2D /* PirateFriendlyDock.jpg */; };
		E57504F718C3D24000D36B2D /* PirateOctopusAttack.jpg in Resources */ = {isa = PBXBuildFile; fileRef = E57504EB18C3D24000D36B2D /* PirateOctopusAttack.jpg */; };
		E57504F818C3D24000D36B2D /* PirateParrot.jpg in Resources */ = {isa = PBXBuildFile; fileRef = E57504EC18C3D24000D36B2D /* PirateParrot.jpg */; };
		E57504F918C3D24000D36B2D /* PiratePlank.jpg in Resources */ = {isa = PBXBuildFile; fileRef = E57504ED18C3D24000D36B2D /* PiratePlank.jpg */; };
		E57504FA18C3D24000D36B2D /* PirateShipBattle.jpeg in Resources */ = {isa = PBXBuildFile; fileRef = E57504EE18C3D24000D36B2D /* PirateShipBattle.jpeg */; };
		E57504FB18C3D24000D36B2D /* PirateStart.jpg in Resources */ = {isa = PBXBuildFile; fileRef = E57504EF18C3D24000D36B2D /* PirateStart.jpg */; };
		E57504FC18C3D24000D36B2D /* PirateTreasure.jpeg in Resources */ = {isa = PBXBuildFile; fileRef = E57504F018C3D24000D36B2D /* PirateTreasure.jpeg */; };
		E57504FD18C3D24000D36B2D /* PirateTreasurer2.jpeg in Resources */ = {isa = PBXBuildFile; fileRef = E57504F118C3D24000D36B2D /* PirateTreasurer2.jpeg */; };
		E57504FE18C3D24000D36B2D /* PirateWeapons.jpeg in Resources */ = {isa = PBXBuildFile; fileRef = E57504F218C3D24000D36B2D /* PirateWeapons.jpeg */; };
		E575050118C3E74A00D36B2D /* BBCard.m in Sources */ = {isa = PBXBuildFile; fileRef = E575050018C3E74A00D36B2D /* BBCard.m */; };
		E575050318C3EEFD00D36B2D /* SkullAndBones.jpeg in Resources */ = {isa = PBXBuildFile; fileRef = E575050218C3EEFD00D36B2D /* SkullAndBones.jpeg */; };
		E5FD673D18C6A11F00808D3E /* BBWeapon.m in Sources */ = {isa = PBXBuildFile; fileRef = E5FD673C18C6A11F00808D3E /* BBWeapon.m */; };
		E5FD674018C6A16000808D3E /* BBArmor.m in Sources */ = {isa = PBXBuildFile; fileRef = E5FD673F18C6A16000808D3E /* BBArmor.m */; };
		E5FD674318C6A21500808D3E /* BBCharacter.m in Sources */ = {isa = PBXBuildFile; fileRef = E5FD674218C6A21500808D3E /* BBCharacter.m */; };
		E5FD674618C6BBBB00808D3E /* BBBoss.m in Sources */ = {isa = PBXBuildFile; fileRef = E5FD674518C6BBBB00808D3E /* BBBoss.m */; };
/* End PBXBuildFile section */

/* Begin PBXContainerItemProxy section */
		E57504D518C3935600D36B2D /* PBXContainerItemProxy */ = {
			isa = PBXContainerItemProxy;
			containerPortal = E57504A718C3935600D36B2D /* Project object */;
			proxyType = 1;
			remoteGlobalIDString = E57504AE18C3935600D36B2D;
			remoteInfo = "Pirate Assignment";
		};
/* End PBXContainerItemProxy section */

/* Begin PBXFileReference section */
		E5249BA018C526C9008CEDFD /* BBFactory.h */ = {isa = PBXFileReference; fileEncoding = 4; lastKnownFileType = sourcecode.c.h; path = BBFactory.h; sourceTree = "<group>"; };
		E5249BA118C526C9008CEDFD /* BBFactory.m */ = {isa = PBXFileReference; fileEncoding = 4; lastKnownFileType = sourcecode.c.objc; path = BBFactory.m; sourceTree = "<group>"; };
		E57504AF18C3935600D36B2D /* Pirate Assignment.app */ = {isa = PBXFileReference; explicitFileType = wrapper.application; includeInIndex = 0; path = "Pirate Assignment.app"; sourceTree = BUILT_PRODUCTS_DIR; };
		E57504B218C3935600D36B2D /* Foundation.framework */ = {isa = PBXFileReference; lastKnownFileType = wrapper.framework; name = Foundation.framework; path = System/Library/Frameworks/Foundation.framework; sourceTree = SDKROOT; };
		E57504B418C3935600D36B2D /* CoreGraphics.framework */ = {isa = PBXFileReference; lastKnownFileType = wrapper.framework; name = CoreGraphics.framework; path = System/Library/Frameworks/CoreGraphics.framework; sourceTree = SDKROOT; };
		E57504B618C3935600D36B2D /* UIKit.framework */ = {isa = PBXFileReference; lastKnownFileType = wrapper.framework; name = UIKit.framework; path = System/Library/Frameworks/UIKit.framework; sourceTree = SDKROOT; };
		E57504BA18C3935600D36B2D /* Pirate Assignment-Info.plist */ = {isa = PBXFileReference; lastKnownFileType = text.plist.xml; path = "Pirate Assignment-Info.plist"; sourceTree = "<group>"; };
		E57504BC18C3935600D36B2D /* en */ = {isa = PBXFileReference; lastKnownFileType = text.plist.strings; name = en; path = en.lproj/InfoPlist.strings; sourceTree = "<group>"; };
		E57504BE18C3935600D36B2D /* main.m */ = {isa = PBXFileReference; lastKnownFileType = sourcecode.c.objc; path = main.m; sourceTree = "<group>"; };
		E57504C018C3935600D36B2D /* Pirate Assignment-Prefix.pch */ = {isa = PBXFileReference; lastKnownFileType = sourcecode.c.h; path = "Pirate Assignment-Prefix.pch"; sourceTree = "<group>"; };
		E57504C118C3935600D36B2D /* BBAppDelegate.h */ = {isa = PBXFileReference; lastKnownFileType = sourcecode.c.h; path = BBAppDelegate.h; sourceTree = "<group>"; };
		E57504C218C3935600D36B2D /* BBAppDelegate.m */ = {isa = PBXFileReference; lastKnownFileType = sourcecode.c.objc; path = BBAppDelegate.m; sourceTree = "<group>"; };
		E57504C518C3935600D36B2D /* Base */ = {isa = PBXFileReference; lastKnownFileType = file.storyboard; name = Base; path = Base.lproj/Main.storyboard; sourceTree = "<group>"; };
		E57504C718C3935600D36B2D /* BBViewController.h */ = {isa = PBXFileReference; lastKnownFileType = sourcecode.c.h; path = BBViewController.h; sourceTree = "<group>"; };
		E57504C818C3935600D36B2D /* BBViewController.m */ = {isa = PBXFileReference; lastKnownFileType = sourcecode.c.objc; path = BBViewController.m; sourceTree = "<group>"; };
		E57504CA18C3935600D36B2D /* Images.xcassets */ = {isa = PBXFileReference; lastKnownFileType = folder.assetcatalog; path = Images.xcassets; sourceTree = "<group>"; };
		E57504D018C3935600D36B2D /* Pirate AssignmentTests.xctest */ = {isa = PBXFileReference; explicitFileType = wrapper.cfbundle; includeInIndex = 0; path = "Pirate AssignmentTests.xctest"; sourceTree = BUILT_PRODUCTS_DIR; };
		E57504D118C3935600D36B2D /* XCTest.framework */ = {isa = PBXFileReference; lastKnownFileType = wrapper.framework; name = XCTest.framework; path = Library/Frameworks/XCTest.framework; sourceTree = DEVELOPER_DIR; };
		E57504D918C3935600D36B2D /* Pirate AssignmentTests-Info.plist */ = {isa = PBXFileReference; lastKnownFileType = text.plist.xml; path = "Pirate AssignmentTests-Info.plist"; sourceTree = "<group>"; };
		E57504DB18C3935600D36B2D /* en */ = {isa = PBXFileReference; lastKnownFileType = text.plist.strings; name = en; path = en.lproj/InfoPlist.strings; sourceTree = "<group>"; };
		E57504DD18C3935600D36B2D /* Pirate_AssignmentTests.m */ = {isa = PBXFileReference; lastKnownFileType = sourcecode.c.objc; path = Pirate_AssignmentTests.m; sourceTree = "<group>"; };
		E57504E718C3D24000D36B2D /* PirateAttack.jpg */ = {isa = PBXFileReference; lastKnownFileType = image.jpeg; path = PirateAttack.jpg; sourceTree = "<group>"; };
		E57504E818C3D24000D36B2D /* PirateBlacksmith.jpeg */ = {isa = PBXFileReference; lastKnownFileType = image.jpeg; path = PirateBlacksmith.jpeg; sourceTree = "<group>"; };
		E57504E918C3D24000D36B2D /* PirateBoss.jpeg */ = {isa = PBXFileReference; lastKnownFileType = image.jpeg; path = PirateBoss.jpeg; sourceTree = "<group>"; };
		E57504EA18C3D24000D36B2D /* PirateFriendlyDock.jpg */ = {isa = PBXFileReference; lastKnownFileType = image.jpeg; path = PirateFriendlyDock.jpg; sourceTree = "<group>"; };
		E57504EB18C3D24000D36B2D /* PirateOctopusAttack.jpg */ = {isa = PBXFileReference; lastKnownFileType = image.jpeg; path = PirateOctopusAttack.jpg; sourceTree = "<group>"; };
		E57504EC18C3D24000D36B2D /* PirateParrot.jpg */ = {isa = PBXFileReference; lastKnownFileType = image.jpeg; path = PirateParrot.jpg; sourceTree = "<group>"; };
		E57504ED18C3D24000D36B2D /* PiratePlank.jpg */ = {isa = PBXFileReference; lastKnownFileType = image.jpeg; path = PiratePlank.jpg; sourceTree = "<group>"; };
		E57504EE18C3D24000D36B2D /* PirateShipBattle.jpeg */ = {isa = PBXFileReference; lastKnownFileType = image.jpeg; path = PirateShipBattle.jpeg; sourceTree = "<group>"; };
		E57504EF18C3D24000D36B2D /* PirateStart.jpg */ = {isa = PBXFileReference; lastKnownFileType = image.jpeg; path = PirateStart.jpg; sourceTree = "<group>"; };
		E57504F018C3D24000D36B2D /* PirateTreasure.jpeg */ = {isa = PBXFileReference; lastKnownFileType = image.jpeg; path = PirateTreasure.jpeg; sourceTree = "<group>"; };
		E57504F118C3D24000D36B2D /* PirateTreasurer2.jpeg */ = {isa = PBXFileReference; lastKnownFileType = image.jpeg; path = PirateTreasurer2.jpeg; sourceTree = "<group>"; };
		E57504F218C3D24000D36B2D /* PirateWeapons.jpeg */ = {isa = PBXFileReference; lastKnownFileType = image.jpeg; path = PirateWeapons.jpeg; sourceTree = "<group>"; };
		E57504FF18C3E74A00D36B2D /* BBCard.h */ = {isa = PBXFileReference; fileEncoding = 4; lastKnownFileType = sourcecode.c.h; path = BBCard.h; sourceTree = "<group>"; };
		E575050018C3E74A00D36B2D /* BBCard.m */ = {isa = PBXFileReference; fileEncoding = 4; lastKnownFileType = sourcecode.c.objc; path = BBCard.m; sourceTree = "<group>"; };
		E575050218C3EEFD00D36B2D /* SkullAndBones.jpeg */ = {isa = PBXFileReference; lastKnownFileType = image.jpeg; path = SkullAndBones.jpeg; sourceTree = "<group>"; };
		E5FD673B18C6A11F00808D3E /* BBWeapon.h */ = {isa = PBXFileReference; fileEncoding = 4; lastKnownFileType = sourcecode.c.h; path = BBWeapon.h; sourceTree = "<group>"; };
		E5FD673C18C6A11F00808D3E /* BBWeapon.m */ = {isa = PBXFileReference; fileEncoding = 4; lastKnownFileType = sourcecode.c.objc; path = BBWeapon.m; sourceTree = "<group>"; };
		E5FD673E18C6A16000808D3E /* BBArmor.h */ = {isa = PBXFileReference; fileEncoding = 4; lastKnownFileType = sourcecode.c.h; path = BBArmor.h; sourceTree = "<group>"; };
		E5FD673F18C6A16000808D3E /* BBArmor.m */ = {isa = PBXFileReference; fileEncoding = 4; lastKnownFileType = sourcecode.c.objc; path = BBArmor.m; sourceTree = "<group>"; };
		E5FD674118C6A21500808D3E /* BBCharacter.h */ = {isa = PBXFileReference; fileEncoding = 4; lastKnownFileType = sourcecode.c.h; path = BBCharacter.h; sourceTree = "<group>"; };
		E5FD674218C6A21500808D3E /* BBCharacter.m */ = {isa = PBXFileReference; fileEncoding = 4; lastKnownFileType = sourcecode.c.objc; path = BBCharacter.m; sourceTree = "<group>"; };
		E5FD674418C6BBBB00808D3E /* BBBoss.h */ = {isa = PBXFileReference; fileEncoding = 4; lastKnownFileType = sourcecode.c.h; path = BBBoss.h; sourceTree = "<group>"; };
		E5FD674518C6BBBB00808D3E /* BBBoss.m */ = {isa = PBXFileReference; fileEncoding = 4; lastKnownFileType = sourcecode.c.objc; path = BBBoss.m; sourceTree = "<group>"; };
/* End PBXFileReference section */

/* Begin PBXFrameworksBuildPhase section */
		E57504AC18C3935600D36B2D /* Frameworks */ = {
			isa = PBXFrameworksBuildPhase;
			buildActionMask = 2147483647;
			files = (
				E57504B518C3935600D36B2D /* CoreGraphics.framework in Frameworks */,
				E57504B718C3935600D36B2D /* UIKit.framework in Frameworks */,
				E57504B318C3935600D36B2D /* Foundation.framework in Frameworks */,
			);
			runOnlyForDeploymentPostprocessing = 0;
		};
		E57504CD18C3935600D36B2D /* Frameworks */ = {
			isa = PBXFrameworksBuildPhase;
			buildActionMask = 2147483647;
			files = (
				E57504D218C3935600D36B2D /* XCTest.framework in Frameworks */,
				E57504D418C3935600D36B2D /* UIKit.framework in Frameworks */,
				E57504D318C3935600D36B2D /* Foundation.framework in Frameworks */,
			);
			runOnlyForDeploymentPostprocessing = 0;
		};
/* End PBXFrameworksBuildPhase section */

/* Begin PBXGroup section */
		E5249B9F18C5264B008CEDFD /* Model */ = {
			isa = PBXGroup;
			children = (
				E5249BA318C526F0008CEDFD /* Factory */,
				E57504FF18C3E74A00D36B2D /* BBCard.h */,
				E575050018C3E74A00D36B2D /* BBCard.m */,
				E5FD674118C6A21500808D3E /* BBCharacter.h */,
				E5FD674218C6A21500808D3E /* BBCharacter.m */,
				E5FD673B18C6A11F00808D3E /* BBWeapon.h */,
				E5FD673C18C6A11F00808D3E /* BBWeapon.m */,
				E5FD673E18C6A16000808D3E /* BBArmor.h */,
				E5FD673F18C6A16000808D3E /* BBArmor.m */,
				E5FD674418C6BBBB00808D3E /* BBBoss.h */,
				E5FD674518C6BBBB00808D3E /* BBBoss.m */,
			);
			name = Model;
			sourceTree = "<group>";
		};
		E5249BA318C526F0008CEDFD /* Factory */ = {
			isa = PBXGroup;
			children = (
				E5249BA018C526C9008CEDFD /* BBFactory.h */,
				E5249BA118C526C9008CEDFD /* BBFactory.m */,
			);
			name = Factory;
			sourceTree = "<group>";
		};
		E57504A618C3935600D36B2D = {
			isa = PBXGroup;
			children = (
				E57504B818C3935600D36B2D /* Pirate Assignment */,
				E57504D718C3935600D36B2D /* Pirate AssignmentTests */,
				E57504B118C3935600D36B2D /* Frameworks */,
				E57504B018C3935600D36B2D /* Products */,
			);
			sourceTree = "<group>";
		};
		E57504B018C3935600D36B2D /* Products */ = {
			isa = PBXGroup;
			children = (
				E57504AF18C3935600D36B2D /* Pirate Assignment.app */,
				E57504D018C3935600D36B2D /* Pirate AssignmentTests.xctest */,
			);
			name = Products;
			sourceTree = "<group>";
		};
		E57504B118C3935600D36B2D /* Frameworks */ = {
			isa = PBXGroup;
			children = (
				E57504B218C3935600D36B2D /* Foundation.framework */,
				E57504B418C3935600D36B2D /* CoreGraphics.framework */,
				E57504B618C3935600D36B2D /* UIKit.framework */,
				E57504D118C3935600D36B2D /* XCTest.framework */,
			);
			name = Frameworks;
			sourceTree = "<group>";
		};
		E57504B818C3935600D36B2D /* Pirate Assignment */ = {
			isa = PBXGroup;
			children = (
				E57504C118C3935600D36B2D /* BBAppDelegate.h */,
				E57504C218C3935600D36B2D /* BBAppDelegate.m */,
				E57504C418C3935600D36B2D /* Main.storyboard */,
				E57504C718C3935600D36B2D /* BBViewController.h */,
				E57504C818C3935600D36B2D /* BBViewController.m */,
				E5249B9F18C5264B008CEDFD /* Model */,
				E57504CA18C3935600D36B2D /* Images.xcassets */,
				E57504B918C3935600D36B2D /* Supporting Files */,
			);
			path = "Pirate Assignment";
			sourceTree = "<group>";
		};
		E57504B918C3935600D36B2D /* Supporting Files */ = {
			isa = PBXGroup;
			children = (
				E575050218C3EEFD00D36B2D /* SkullAndBones.jpeg */,
				E57504E718C3D24000D36B2D /* PirateAttack.jpg */,
				E57504E818C3D24000D36B2D /* PirateBlacksmith.jpeg */,
				E57504E918C3D24000D36B2D /* PirateBoss.jpeg */,
				E57504EA18C3D24000D36B2D /* PirateFriendlyDock.jpg */,
				E57504EB18C3D24000D36B2D /* PirateOctopusAttack.jpg */,
				E57504EC18C3D24000D36B2D /* PirateParrot.jpg */,
				E57504ED18C3D24000D36B2D /* PiratePlank.jpg */,
				E57504EE18C3D24000D36B2D /* PirateShipBattle.jpeg */,
				E57504EF18C3D24000D36B2D /* PirateStart.jpg */,
				E57504F018C3D24000D36B2D /* PirateTreasure.jpeg */,
				E57504F118C3D24000D36B2D /* PirateTreasurer2.jpeg */,
				E57504F218C3D24000D36B2D /* PirateWeapons.jpeg */,
				E57504BA18C3935600D36B2D /* Pirate Assignment-Info.plist */,
				E57504BB18C3935600D36B2D /* InfoPlist.strings */,
				E57504BE18C3935600D36B2D /* main.m */,
				E57504C018C3935600D36B2D /* Pirate Assignment-Prefix.pch */,
			);
			name = "Supporting Files";
			sourceTree = "<group>";
		};
		E57504D718C3935600D36B2D /* Pirate AssignmentTests */ = {
			isa = PBXGroup;
			children = (
				E57504DD18C3935600D36B2D /* Pirate_AssignmentTests.m */,
				E57504D818C3935600D36B2D /* Supporting Files */,
			);
			path = "Pirate AssignmentTests";
			sourceTree = "<group>";
		};
		E57504D818C3935600D36B2D /* Supporting Files */ = {
			isa = PBXGroup;
			children = (
				E57504D918C3935600D36B2D /* Pirate AssignmentTests-Info.plist */,
				E57504DA18C3935600D36B2D /* InfoPlist.strings */,
			);
			name = "Supporting Files";
			sourceTree = "<group>";
		};
/* End PBXGroup section */

/* Begin PBXNativeTarget section */
		E57504AE18C3935600D36B2D /* Pirate Assignment */ = {
			isa = PBXNativeTarget;
			buildConfigurationList = E57504E118C3935600D36B2D /* Build configuration list for PBXNativeTarget "Pirate Assignment" */;
			buildPhases = (
				E57504AB18C3935600D36B2D /* Sources */,
				E57504AC18C3935600D36B2D /* Frameworks */,
				E57504AD18C3935600D36B2D /* Resources */,
			);
			buildRules = (
			);
			dependencies = (
			);
			name = "Pirate Assignment";
			productName = "Pirate Assignment";
			productReference = E57504AF18C3935600D36B2D /* Pirate Assignment.app */;
			productType = "com.apple.product-type.application";
		};
		E57504CF18C3935600D36B2D /* Pirate AssignmentTests */ = {
			isa = PBXNativeTarget;
			buildConfigurationList = E57504E418C3935600D36B2D /* Build configuration list for PBXNativeTarget "Pirate AssignmentTests" */;
			buildPhases = (
				E57504CC18C3935600D36B2D /* Sources */,
				E57504CD18C3935600D36B2D /* Frameworks */,
				E57504CE18C3935600D36B2D /* Resources */,
			);
			buildRules = (
			);
			dependencies = (
				E57504D618C3935600D36B2D /* PBXTargetDependency */,
			);
			name = "Pirate AssignmentTests";
			productName = "Pirate AssignmentTests";
			productReference = E57504D018C3935600D36B2D /* Pirate AssignmentTests.xctest */;
			productType = "com.apple.product-type.bundle.unit-test";
		};
/* End PBXNativeTarget section */

/* Begin PBXProject section */
		E57504A718C3935600D36B2D /* Project object */ = {
			isa = PBXProject;
			attributes = {
				CLASSPREFIX = BB;
				LastUpgradeCheck = 0500;
				ORGANIZATIONNAME = "Beyond Bull";
				TargetAttributes = {
					E57504CF18C3935600D36B2D = {
						TestTargetID = E57504AE18C3935600D36B2D;
					};
				};
			};
			buildConfigurationList = E57504AA18C3935600D36B2D /* Build configuration list for PBXProject "Pirate Assignment" */;
			compatibilityVersion = "Xcode 3.2";
			developmentRegion = English;
			hasScannedForEncodings = 0;
			knownRegions = (
				en,
				Base,
			);
			mainGroup = E57504A618C3935600D36B2D;
			productRefGroup = E57504B018C3935600D36B2D /* Products */;
			projectDirPath = "";
			projectRoot = "";
			targets = (
				E57504AE18C3935600D36B2D /* Pirate Assignment */,
				E57504CF18C3935600D36B2D /* Pirate AssignmentTests */,
			);
		};
/* End PBXProject section */

/* Begin PBXResourcesBuildPhase section */
		E57504AD18C3935600D36B2D /* Resources */ = {
			isa = PBXResourcesBuildPhase;
			buildActionMask = 2147483647;
			files = (
				E57504F718C3D24000D36B2D /* PirateOctopusAttack.jpg in Resources */,
				E57504FE18C3D24000D36B2D /* PirateWeapons.jpeg in Resources */,
				E57504F918C3D24000D36B2D /* PiratePlank.jpg in Resources */,
				E57504FC18C3D24000D36B2D /* PirateTreasure.jpeg in Resources */,
				E57504F618C3D24000D36B2D /* PirateFriendlyDock.jpg in Resources */,
				E57504F318C3D24000D36B2D /* PirateAttack.jpg in Resources */,
				E57504CB18C3935600D36B2D /* Images.xcassets in Resources */,
				E57504BD18C3935600D36B2D /* InfoPlist.strings in Resources */,
				E57504C618C3935600D36B2D /* Main.storyboard in Resources */,
				E57504FA18C3D24000D36B2D /* PirateShipBattle.jpeg in Resources */,
				E57504FD18C3D24000D36B2D /* PirateTreasurer2.jpeg in Resources */,
				E575050318C3EEFD00D36B2D /* SkullAndBones.jpeg in Resources */,
				E57504F418C3D24000D36B2D /* PirateBlacksmith.jpeg in Resources */,
				E57504FB18C3D24000D36B2D /* PirateStart.jpg in Resources */,
				E57504F518C3D24000D36B2D /* PirateBoss.jpeg in Resources */,
				E57504F818C3D24000D36B2D /* PirateParrot.jpg in Resources */,
			);
			runOnlyForDeploymentPostprocessing = 0;
		};
		E57504CE18C3935600D36B2D /* Resources */ = {
			isa = PBXResourcesBuildPhase;
			buildActionMask = 2147483647;
			files = (
				E57504DC18C3935600D36B2D /* InfoPlist.strings in Resources */,
			);
			runOnlyForDeploymentPostprocessing = 0;
		};
/* End PBXResourcesBuildPhase section */

/* Begin PBXSourcesBuildPhase section */
		E57504AB18C3935600D36B2D /* Sources */ = {
			isa = PBXSourcesBuildPhase;
			buildActionMask = 2147483647;
			files = (
				E5249BA218C526C9008CEDFD /* BBFactory.m in Sources */,
				E5FD674318C6A21500808D3E /* BBCharacter.m in Sources */,
				E57504C918C3935600D36B2D /* BBViewController.m in Sources */,
				E575050118C3E74A00D36B2D /* BBCard.m in Sources */,
				E5FD673D18C6A11F00808D3E /* BBWeapon.m in Sources */,
				E5FD674018C6A16000808D3E /* BBArmor.m in Sources */,
				E57504C318C3935600D36B2D /* BBAppDelegate.m in Sources */,
				E57504BF18C3935600D36B2D /* main.m in Sources */,
				E5FD674618C6BBBB00808D3E /* BBBoss.m in Sources */,
			);
			runOnlyForDeploymentPostprocessing = 0;
		};
		E57504CC18C3935600D36B2D /* Sources */ = {
			isa = PBXSourcesBuildPhase;
			buildActionMask = 2147483647;
			files = (
				E57504DE18C3935600D36B2D /* Pirate_AssignmentTests.m in Sources */,
			);
			runOnlyForDeploymentPostprocessing = 0;
		};
/* End PBXSourcesBuildPhase section */

/* Begin PBXTargetDependency section */
		E57504D618C3935600D36B2D /* PBXTargetDependency */ = {
			isa = PBXTargetDependency;
			target = E57504AE18C3935600D36B2D /* Pirate Assignment */;
			targetProxy = E57504D518C3935600D36B2D /* PBXContainerItemProxy */;
		};
/* End PBXTargetDependency section */

/* Begin PBXVariantGroup section */
		E57504BB18C3935600D36B2D /* InfoPlist.strings */ = {
			isa = PBXVariantGroup;
			children = (
				E57504BC18C3935600D36B2D /* en */,
			);
			name = InfoPlist.strings;
			sourceTree = "<group>";
		};
		E57504C418C3935600D36B2D /* Main.storyboard */ = {
			isa = PBXVariantGroup;
			children = (
				E57504C518C3935600D36B2D /* Base */,
			);
			name = Main.storyboard;
			sourceTree = "<group>";
		};
		E57504DA18C3935600D36B2D /* InfoPlist.strings */ = {
			isa = PBXVariantGroup;
			children = (
				E57504DB18C3935600D36B2D /* en */,
			);
			name = InfoPlist.strings;
			sourceTree = "<group>";
		};
/* End PBXVariantGroup section */

/* Begin XCBuildConfiguration section */
		E57504DF18C3935600D36B2D /* Debug */ = {
			isa = XCBuildConfiguration;
			buildSettings = {
				ALWAYS_SEARCH_USER_PATHS = NO;
				ARCHS = "$(ARCHS_STANDARD_INCLUDING_64_BIT)";
				CLANG_CXX_LANGUAGE_STANDARD = "gnu++0x";
				CLANG_CXX_LIBRARY = "libc++";
				CLANG_ENABLE_MODULES = YES;
				CLANG_ENABLE_OBJC_ARC = YES;
				CLANG_WARN_BOOL_CONVERSION = YES;
				CLANG_WARN_CONSTANT_CONVERSION = YES;
				CLANG_WARN_DIRECT_OBJC_ISA_USAGE = YES_ERROR;
				CLANG_WARN_EMPTY_BODY = YES;
				CLANG_WARN_ENUM_CONVERSION = YES;
				CLANG_WARN_INT_CONVERSION = YES;
				CLANG_WARN_OBJC_ROOT_CLASS = YES_ERROR;
				CLANG_WARN__DUPLICATE_METHOD_MATCH = YES;
				"CODE_SIGN_IDENTITY[sdk=iphoneos*]" = "iPhone Developer";
				COPY_PHASE_STRIP = NO;
				GCC_C_LANGUAGE_STANDARD = gnu99;
				GCC_DYNAMIC_NO_PIC = NO;
				GCC_OPTIMIZATION_LEVEL = 0;
				GCC_PREPROCESSOR_DEFINITIONS = (
					"DEBUG=1",
					"$(inherited)",
				);
				GCC_SYMBOLS_PRIVATE_EXTERN = NO;
				GCC_WARN_64_TO_32_BIT_CONVERSION = YES;
				GCC_WARN_ABOUT_RETURN_TYPE = YES_ERROR;
				GCC_WARN_UNDECLARED_SELECTOR = YES;
				GCC_WARN_UNINITIALIZED_AUTOS = YES;
				GCC_WARN_UNUSED_FUNCTION = YES;
				GCC_WARN_UNUSED_VARIABLE = YES;
				IPHONEOS_DEPLOYMENT_TARGET = 7.0;
				ONLY_ACTIVE_ARCH = YES;
				SDKROOT = iphoneos;
			};
			name = Debug;
		};
		E57504E018C3935600D36B2D /* Release */ = {
			isa = XCBuildConfiguration;
			buildSettings = {
				ALWAYS_SEARCH_USER_PATHS = NO;
				ARCHS = "$(ARCHS_STANDARD_INCLUDING_64_BIT)";
				CLANG_CXX_LANGUAGE_STANDARD = "gnu++0x";
				CLANG_CXX_LIBRARY = "libc++";
				CLANG_ENABLE_MODULES = YES;
				CLANG_ENABLE_OBJC_ARC = YES;
				CLANG_WARN_BOOL_CONVERSION = YES;
				CLANG_WARN_CONSTANT_CONVERSION = YES;
				CLANG_WARN_DIRECT_OBJC_ISA_USAGE = YES_ERROR;
				CLANG_WARN_EMPTY_BODY = YES;
				CLANG_WARN_ENUM_CONVERSION = YES;
				CLANG_WARN_INT_CONVERSION = YES;
				CLANG_WARN_OBJC_ROOT_CLASS = YES_ERROR;
				CLANG_WARN__DUPLICATE_METHOD_MATCH = YES;
				"CODE_SIGN_IDENTITY[sdk=iphoneos*]" = "iPhone Developer";
				COPY_PHASE_STRIP = YES;
				ENABLE_NS_ASSERTIONS = NO;
				GCC_C_LANGUAGE_STANDARD = gnu99;
				GCC_WARN_64_TO_32_BIT_CONVERSION = YES;
				GCC_WARN_ABOUT_RETURN_TYPE = YES_ERROR;
				GCC_WARN_UNDECLARED_SELECTOR = YES;
				GCC_WARN_UNINITIALIZED_AUTOS = YES;
				GCC_WARN_UNUSED_FUNCTION = YES;
				GCC_WARN_UNUSED_VARIABLE = YES;
				IPHONEOS_DEPLOYMENT_TARGET = 7.0;
				SDKROOT = iphoneos;
				VALIDATE_PRODUCT = YES;
			};
			name = Release;
		};
		E57504E218C3935600D36B2D /* Debug */ = {
			isa = XCBuildConfiguration;
			buildSettings = {
				ASSETCATALOG_COMPILER_APPICON_NAME = AppIcon;
				ASSETCATALOG_COMPILER_LAUNCHIMAGE_NAME = LaunchImage;
				GCC_PRECOMPILE_PREFIX_HEADER = YES;
				GCC_PREFIX_HEADER = "Pirate Assignment/Pirate Assignment-Prefix.pch";
				INFOPLIST_FILE = "Pirate Assignment/Pirate Assignment-Info.plist";
				PRODUCT_NAME = "$(TARGET_NAME)";
				WRAPPER_EXTENSION = app;
			};
			name = Debug;
		};
		E57504E318C3935600D36B2D /* Release */ = {
			isa = XCBuildConfiguration;
			buildSettings = {
				ASSETCATALOG_COMPILER_APPICON_NAME = AppIcon;
				ASSETCATALOG_COMPILER_LAUNCHIMAGE_NAME = LaunchImage;
				GCC_PRECOMPILE_PREFIX_HEADER = YES;
				GCC_PREFIX_HEADER = "Pirate Assignment/Pirate Assignment-Prefix.pch";
				INFOPLIST_FILE = "Pirate Assignment/Pirate Assignment-Info.plist";
				PRODUCT_NAME = "$(TARGET_NAME)";
				WRAPPER_EXTENSION = app;
			};
			name = Release;
		};
		E57504E518C3935600D36B2D /* Debug */ = {
			isa = XCBuildConfiguration;
			buildSettings = {
				ARCHS = "$(ARCHS_STANDARD_INCLUDING_64_BIT)";
				BUNDLE_LOADER = "$(BUILT_PRODUCTS_DIR)/Pirate Assignment.app/Pirate Assignment";
				FRAMEWORK_SEARCH_PATHS = (
					"$(SDKROOT)/Developer/Library/Frameworks",
					"$(inherited)",
					"$(DEVELOPER_FRAMEWORKS_DIR)",
				);
				GCC_PRECOMPILE_PREFIX_HEADER = YES;
				GCC_PREFIX_HEADER = "Pirate Assignment/Pirate Assignment-Prefix.pch";
				GCC_PREPROCESSOR_DEFINITIONS = (
					"DEBUG=1",
					"$(inherited)",
				);
				INFOPLIST_FILE = "Pirate AssignmentTests/Pirate AssignmentTests-Info.plist";
				PRODUCT_NAME = "$(TARGET_NAME)";
				TEST_HOST = "$(BUNDLE_LOADER)";
				WRAPPER_EXTENSION = xctest;
			};
			name = Debug;
		};
		E57504E618C3935600D36B2D /* Release */ = {
			isa = XCBuildConfiguration;
			buildSettings = {
				ARCHS = "$(ARCHS_STANDARD_INCLUDING_64_BIT)";
				BUNDLE_LOADER = "$(BUILT_PRODUCTS_DIR)/Pirate Assignment.app/Pirate Assignment";
				FRAMEWORK_SEARCH_PATHS = (
					"$(SDKROOT)/Developer/Library/Frameworks",
					"$(inherited)",
					"$(DEVELOPER_FRAMEWORKS_DIR)",
				);
				GCC_PRECOMPILE_PREFIX_HEADER = YES;
				GCC_PREFIX_HEADER = "Pirate Assignment/Pirate Assignment-Prefix.pch";
				INFOPLIST_FILE = "Pirate AssignmentTests/Pirate AssignmentTests-Info.plist";
				PRODUCT_NAME = "$(TARGET_NAME)";
				TEST_HOST = "$(BUNDLE_LOADER)";
				WRAPPER_EXTENSION = xctest;
			};
			name = Release;
		};
/* End XCBuildConfiguration section */

/* Begin XCConfigurationList section */
		E57504AA18C3935600D36B2D /* Build configuration list for PBXProject "Pirate Assignment" */ = {
			isa = XCConfigurationList;
			buildConfigurations = (
				E57504DF18C3935600D36B2D /* Debug */,
				E57504E018C3935600D36B2D /* Release */,
			);
			defaultConfigurationIsVisible = 0;
			defaultConfigurationName = Release;
		};
		E57504E118C3935600D36B2D /* Build configuration list for PBXNativeTarget "Pirate Assignment" */ = {
			isa = XCConfigurationList;
			buildConfigurations = (
				E57504E218C3935600D36B2D /* Debug */,
				E57504E318C3935600D36B2D /* Release */,
			);
			defaultConfigurationIsVisible = 0;
			defaultConfigurationName = Release;
		};
		E57504E418C3935600D36B2D /* Build configuration list for PBXNativeTarget "Pirate AssignmentTests" */ = {
			isa = XCConfigurationList;
			buildConfigurations = (
				E57504E518C3935600D36B2D /* Debug */,
				E57504E618C3935600D36B2D /* Release */,
			);
			defaultConfigurationIsVisible = 0;
			defaultConfigurationName = Release;
		};
/* End XCConfigurationList section */
	};
	rootObject = E57504A718C3935600D36B2D /* Project object */;
}
